
Microsoft Visual Studio Solution File, Format Version 12.00
# Visual Studio Version 16
VisualStudioVersion = 16.0.32126.315
MinimumVisualStudioVersion = 10.0.40219.1
Project("{FAE04EC0-301F-11D3-BF4B-00C04F79EFBC}") = "WinFormsApp2", "WinFormsApp2.csproj", "{EE6F4482-B307-4AA5-BD14-0443636AC73B}"
EndProject
Global
	GlobalSection(SolutionConfigurationPlatforms) = preSolution
		Debug|Any CPU = Debug|Any CPU
		Release|Any CPU = Release|Any CPU
	EndGlobalSection
	GlobalSection(ProjectConfigurationPlatforms) = postSolution
		{EE6F4482-B307-4AA5-BD14-0443636AC73B}.Debug|Any CPU.ActiveCfg = Debug|Any CPU
		{EE6F4482-B307-4AA5-BD14-0443636AC73B}.Debug|Any CPU.Build.0 = Debug|Any CPU
		{EE6F4482-B307-4AA5-BD14-0443636AC73B}.Release|Any CPU.ActiveCfg = Release|Any CPU
		{EE6F4482-B307-4AA5-BD14-0443636AC73B}.Release|Any CPU.Build.0 = Release|Any CPU
	EndGlobalSection
	GlobalSection(SolutionProperties) = preSolution
		HideSolutionNode = FALSE
	EndGlobalSection
	GlobalSection(ExtensibilityGlobals) = postSolution
		SolutionGuid = {9F45E0DC-3F36-46E2-A420-8F857B9D4BF0}
	EndGlobalSection
EndGlobal
